
Microsoft Visual Studio Solution File, Format Version 12.00
# Visual Studio Version 16
VisualStudioVersion = 16.0.33027.164
MinimumVisualStudioVersion = 10.0.40219.1
Project("{F184B08F-C81C-45F6-A57F-5ABD9991F28F}") = "prj_acnovation_a187806", "prj_acnovation_a187806.vbproj", "{BBAFDC50-2AFF-46D6-90B2-5541C821CE05}"
EndProject
Project("{54435603-DBB4-11D2-8724-00A0C9A8B90C}") = "Setup_Acnovation", "..\Setup_Acnovation\Setup_Acnovation.vdproj", "{D6342EF2-D6D1-430B-8ADF-FD2232D8664E}"
EndProject
Global
	GlobalSection(SolutionConfigurationPlatforms) = preSolution
		Debug|Any CPU = Debug|Any CPU
		Release|Any CPU = Release|Any CPU
	EndGlobalSection
	GlobalSection(ProjectConfigurationPlatforms) = postSolution
		{BBAFDC50-2AFF-46D6-90B2-5541C821CE05}.Debug|Any CPU.ActiveCfg = Debug|Any CPU
		{BBAFDC50-2AFF-46D6-90B2-5541C821CE05}.Debug|Any CPU.Build.0 = Debug|Any CPU
		{BBAFDC50-2AFF-46D6-90B2-5541C821CE05}.Release|Any CPU.ActiveCfg = Release|Any CPU
		{BBAFDC50-2AFF-46D6-90B2-5541C821CE05}.Release|Any CPU.Build.0 = Release|Any CPU
		{D6342EF2-D6D1-430B-8ADF-FD2232D8664E}.Debug|Any CPU.ActiveCfg = Debug
		{D6342EF2-D6D1-430B-8ADF-FD2232D8664E}.Release|Any CPU.ActiveCfg = Release
	EndGlobalSection
	GlobalSection(SolutionProperties) = preSolution
		HideSolutionNode = FALSE
	EndGlobalSection
	GlobalSection(ExtensibilityGlobals) = postSolution
		SolutionGuid = {3CAA5F5C-DB23-4C07-B90B-147A5B865942}
	EndGlobalSection
EndGlobal
